
Microsoft Visual Studio Solution File, Format Version 12.00
# Visual Studio Version 17
VisualStudioVersion = 17.7.34024.191
MinimumVisualStudioVersion = 10.0.40219.1
Project("{9A19103F-16F7-4668-BE54-9A1E7A4F7556}") = "AbyssApi", "AbyssApi\AbyssApi.csproj", "{07B77535-F231-4DE1-BD48-B55047CD1E41}"
EndProject
Project("{FAE04EC0-301F-11D3-BF4B-00C04F79EFBC}") = "Core", "Core\Core.csproj", "{155EF0C0-3622-4CAF-B79F-13738A6AFA3D}"
EndProject
Project("{FAE04EC0-301F-11D3-BF4B-00C04F79EFBC}") = "Infrastructure", "Infrastructure\Infrastructure.csproj", "{26F47F7F-FC3B-47E1-9C22-4B01C9268E14}"
EndProject
Global
	GlobalSection(SolutionConfigurationPlatforms) = preSolution
		Debug|Any CPU = Debug|Any CPU
		Release|Any CPU = Release|Any CPU
	EndGlobalSection
	GlobalSection(ProjectConfigurationPlatforms) = postSolution
		{07B77535-F231-4DE1-BD48-B55047CD1E41}.Debug|Any CPU.ActiveCfg = Debug|Any CPU
		{07B77535-F231-4DE1-BD48-B55047CD1E41}.Debug|Any CPU.Build.0 = Debug|Any CPU
		{07B77535-F231-4DE1-BD48-B55047CD1E41}.Release|Any CPU.ActiveCfg = Release|Any CPU
		{07B77535-F231-4DE1-BD48-B55047CD1E41}.Release|Any CPU.Build.0 = Release|Any CPU
		{155EF0C0-3622-4CAF-B79F-13738A6AFA3D}.Debug|Any CPU.ActiveCfg = Debug|Any CPU
		{155EF0C0-3622-4CAF-B79F-13738A6AFA3D}.Debug|Any CPU.Build.0 = Debug|Any CPU
		{155EF0C0-3622-4CAF-B79F-13738A6AFA3D}.Release|Any CPU.ActiveCfg = Release|Any CPU
		{155EF0C0-3622-4CAF-B79F-13738A6AFA3D}.Release|Any CPU.Build.0 = Release|Any CPU
		{26F47F7F-FC3B-47E1-9C22-4B01C9268E14}.Debug|Any CPU.ActiveCfg = Debug|Any CPU
		{26F47F7F-FC3B-47E1-9C22-4B01C9268E14}.Debug|Any CPU.Build.0 = Debug|Any CPU
		{26F47F7F-FC3B-47E1-9C22-4B01C9268E14}.Release|Any CPU.ActiveCfg = Release|Any CPU
		{26F47F7F-FC3B-47E1-9C22-4B01C9268E14}.Release|Any CPU.Build.0 = Release|Any CPU
	EndGlobalSection
	GlobalSection(SolutionProperties) = preSolution
		HideSolutionNode = FALSE
	EndGlobalSection
	GlobalSection(ExtensibilityGlobals) = postSolution
		SolutionGuid = {03E9E11D-050A-40F6-8F2A-77804DBDA840}
	EndGlobalSection
EndGlobal
